
Microsoft Visual Studio Solution File, Format Version 12.00
# Visual Studio 15
Project("{FAE04EC0-301F-11D3-BF4B-00C04F79EFBC}") = "Assembly-CSharp", "Assembly-CSharp.csproj", "{5D3C41E4-C0F4-8FA3-D063-2321FF410C56}"
EndProject
Project("{FAE04EC0-301F-11D3-BF4B-00C04F79EFBC}") = "Assembly-CSharp-Editor", "Assembly-CSharp-Editor.csproj", "{44E9D5A1-7DC4-A59A-97FD-0677E3B0344B}"
EndProject
Global
	GlobalSection(SolutionConfigurationPlatforms) = preSolution
		Debug|Any CPU = Debug|Any CPU
		Release|Any CPU = Release|Any CPU
	EndGlobalSection
	GlobalSection(ProjectConfigurationPlatforms) = postSolution
		{5D3C41E4-C0F4-8FA3-D063-2321FF410C56}.Debug|Any CPU.ActiveCfg = Debug|Any CPU
		{5D3C41E4-C0F4-8FA3-D063-2321FF410C56}.Debug|Any CPU.Build.0 = Debug|Any CPU
		{5D3C41E4-C0F4-8FA3-D063-2321FF410C56}.Release|Any CPU.ActiveCfg = Release|Any CPU
		{5D3C41E4-C0F4-8FA3-D063-2321FF410C56}.Release|Any CPU.Build.0 = Release|Any CPU
		{44E9D5A1-7DC4-A59A-97FD-0677E3B0344B}.Debug|Any CPU.ActiveCfg = Debug|Any CPU
		{44E9D5A1-7DC4-A59A-97FD-0677E3B0344B}.Debug|Any CPU.Build.0 = Debug|Any CPU
		{44E9D5A1-7DC4-A59A-97FD-0677E3B0344B}.Release|Any CPU.ActiveCfg = Release|Any CPU
		{44E9D5A1-7DC4-A59A-97FD-0677E3B0344B}.Release|Any CPU.Build.0 = Release|Any CPU
	EndGlobalSection
	GlobalSection(SolutionProperties) = preSolution
		HideSolutionNode = FALSE
	EndGlobalSection
EndGlobal
